
Microsoft Visual Studio Solution File, Format Version 12.00
# Visual Studio Version 17
VisualStudioVersion = 17.11.35312.102
MinimumVisualStudioVersion = 10.0.40219.1
Project("{8BC9CEB8-8B4A-11D0-8D11-00A0C91BC942}") = "Windows_ndislwf1", "Windows_ndislwf1.vcxproj", "{87D4D1CF-5251-4F21-8072-9ECC626ADD91}"
EndProject
Global
	GlobalSection(SolutionConfigurationPlatforms) = preSolution
		Debug|ARM64 = Debug|ARM64
		Debug|x64 = Debug|x64
		Release|ARM64 = Release|ARM64
		Release|x64 = Release|x64
	EndGlobalSection
	GlobalSection(ProjectConfigurationPlatforms) = postSolution
		{87D4D1CF-5251-4F21-8072-9ECC626ADD91}.Debug|ARM64.ActiveCfg = Debug|ARM64
		{87D4D1CF-5251-4F21-8072-9ECC626ADD91}.Debug|ARM64.Build.0 = Debug|ARM64
		{87D4D1CF-5251-4F21-8072-9ECC626ADD91}.Debug|ARM64.Deploy.0 = Debug|ARM64
		{87D4D1CF-5251-4F21-8072-9ECC626ADD91}.Debug|x64.ActiveCfg = Debug|x64
		{87D4D1CF-5251-4F21-8072-9ECC626ADD91}.Debug|x64.Build.0 = Debug|x64
		{87D4D1CF-5251-4F21-8072-9ECC626ADD91}.Debug|x64.Deploy.0 = Debug|x64
		{87D4D1CF-5251-4F21-8072-9ECC626ADD91}.Release|ARM64.ActiveCfg = Release|ARM64
		{87D4D1CF-5251-4F21-8072-9ECC626ADD91}.Release|ARM64.Build.0 = Release|ARM64
		{87D4D1CF-5251-4F21-8072-9ECC626ADD91}.Release|ARM64.Deploy.0 = Release|ARM64
		{87D4D1CF-5251-4F21-8072-9ECC626ADD91}.Release|x64.ActiveCfg = Release|x64
		{87D4D1CF-5251-4F21-8072-9ECC626ADD91}.Release|x64.Build.0 = Release|x64
		{87D4D1CF-5251-4F21-8072-9ECC626ADD91}.Release|x64.Deploy.0 = Release|x64
	EndGlobalSection
	GlobalSection(SolutionProperties) = preSolution
		HideSolutionNode = FALSE
	EndGlobalSection
	GlobalSection(ExtensibilityGlobals) = postSolution
		SolutionGuid = {9A96B7C7-5084-46F7-9E9B-00CEE846FC05}
	EndGlobalSection
EndGlobal
